// !$*UTF8*$!
{
	archiveVersion = 1;
	classes = {
	};
	objectVersion = 50;
	objects = {

/* Begin PBXBuildFile section */
		B5051869230C2C9E0024884E /* AppDelegate.swift in Sources */ = {isa = PBXBuildFile; fileRef = B5051868230C2C9E0024884E /* AppDelegate.swift */; };
		B505186B230C2C9E0024884E /* ViewController.swift in Sources */ = {isa = PBXBuildFile; fileRef = B505186A230C2C9E0024884E /* ViewController.swift */; };
		B505186D230C2C9E0024884E /* Document.swift in Sources */ = {isa = PBXBuildFile; fileRef = B505186C230C2C9E0024884E /* Document.swift */; };
		B505186F230C2C9F0024884E /* Assets.xcassets in Resources */ = {isa = PBXBuildFile; fileRef = B505186E230C2C9F0024884E /* Assets.xcassets */; };
		B5051872230C2C9F0024884E /* Main.storyboard in Resources */ = {isa = PBXBuildFile; fileRef = B5051870230C2C9F0024884E /* Main.storyboard */; };
		B53CD76F28738D46002A1C80 /* Quartz.framework in Frameworks */ = {isa = PBXBuildFile; fileRef = B5C2428F2873209700C0CDB1 /* Quartz.framework */; };
		B53CD77228738D46002A1C80 /* PreviewViewController.swift in Sources */ = {isa = PBXBuildFile; fileRef = B53CD77128738D46002A1C80 /* PreviewViewController.swift */; };
		B53CD77428738D46002A1C80 /* PreviewProvider.swift in Sources */ = {isa = PBXBuildFile; fileRef = B53CD77328738D46002A1C80 /* PreviewProvider.swift */; };
		B53CD77728738D46002A1C80 /* PreviewViewController.xib in Resources */ = {isa = PBXBuildFile; fileRef = B53CD77528738D46002A1C80 /* PreviewViewController.xib */; };
		B53CD77C28738D46002A1C80 /* qlMIDI.appex in Embed App Extensions */ = {isa = PBXBuildFile; fileRef = B53CD76E28738D46002A1C80 /* qlMIDI.appex */; settings = {ATTRIBUTES = (RemoveHeadersOnCopy, ); }; };
		B53CD78128742F29002A1C80 /* Media.xcassets in Resources */ = {isa = PBXBuildFile; fileRef = B53CD78028742F29002A1C80 /* Media.xcassets */; };
		B560A51D235F7B71007C9033 /* WindowController.swift in Sources */ = {isa = PBXBuildFile; fileRef = B560A51C235F7B71007C9033 /* WindowController.swift */; };
/* End PBXBuildFile section */

/* Begin PBXContainerItemProxy section */
		B53CD77A28738D46002A1C80 /* PBXContainerItemProxy */ = {
			isa = PBXContainerItemProxy;
			containerPortal = B505185D230C2C9E0024884E /* Project object */;
			proxyType = 1;
			remoteGlobalIDString = B53CD76D28738D46002A1C80;
			remoteInfo = qlMIDI;
		};
/* End PBXContainerItemProxy section */

/* Begin PBXCopyFilesBuildPhase section */
		B5C2429E2873209700C0CDB1 /* Embed App Extensions */ = {
			isa = PBXCopyFilesBuildPhase;
			buildActionMask = 2147483647;
			dstPath = "";
			dstSubfolderSpec = 13;
			files = (
				B53CD77C28738D46002A1C80 /* qlMIDI.appex in Embed App Extensions */,
			);
			name = "Embed App Extensions";
			runOnlyForDeploymentPostprocessing = 0;
		};
/* End PBXCopyFilesBuildPhase section */

/* Begin PBXFileReference section */
		B5051865230C2C9E0024884E /* APPlayMIDI.app */ = {isa = PBXFileReference; explicitFileType = wrapper.application; includeInIndex = 0; path = APPlayMIDI.app; sourceTree = BUILT_PRODUCTS_DIR; };
		B5051868230C2C9E0024884E /* AppDelegate.swift */ = {isa = PBXFileReference; lastKnownFileType = sourcecode.swift; path = AppDelegate.swift; sourceTree = "<group>"; };
		B505186A230C2C9E0024884E /* ViewController.swift */ = {isa = PBXFileReference; lastKnownFileType = sourcecode.swift; path = ViewController.swift; sourceTree = "<group>"; };
		B505186C230C2C9E0024884E /* Document.swift */ = {isa = PBXFileReference; lastKnownFileType = sourcecode.swift; path = Document.swift; sourceTree = "<group>"; };
		B505186E230C2C9F0024884E /* Assets.xcassets */ = {isa = PBXFileReference; lastKnownFileType = folder.assetcatalog; path = Assets.xcassets; sourceTree = "<group>"; };
		B5051871230C2C9F0024884E /* Base */ = {isa = PBXFileReference; lastKnownFileType = file.storyboard; name = Base; path = Base.lproj/Main.storyboard; sourceTree = "<group>"; };
		B5051873230C2C9F0024884E /* Info.plist */ = {isa = PBXFileReference; lastKnownFileType = text.plist.xml; path = Info.plist; sourceTree = "<group>"; };
		B5051874230C2C9F0024884E /* APPlayMIDI.entitlements */ = {isa = PBXFileReference; lastKnownFileType = text.plist.entitlements; path = APPlayMIDI.entitlements; sourceTree = "<group>"; };
		B53CD76E28738D46002A1C80 /* qlMIDI.appex */ = {isa = PBXFileReference; explicitFileType = "wrapper.app-extension"; includeInIndex = 0; path = qlMIDI.appex; sourceTree = BUILT_PRODUCTS_DIR; };
		B53CD77128738D46002A1C80 /* PreviewViewController.swift */ = {isa = PBXFileReference; lastKnownFileType = sourcecode.swift; path = PreviewViewController.swift; sourceTree = "<group>"; };
		B53CD77328738D46002A1C80 /* PreviewProvider.swift */ = {isa = PBXFileReference; lastKnownFileType = sourcecode.swift; path = PreviewProvider.swift; sourceTree = "<group>"; };
		B53CD77628738D46002A1C80 /* Base */ = {isa = PBXFileReference; lastKnownFileType = file.xib; name = Base; path = Base.lproj/PreviewViewController.xib; sourceTree = "<group>"; };
		B53CD77828738D46002A1C80 /* Info.plist */ = {isa = PBXFileReference; lastKnownFileType = text.plist.xml; path = Info.plist; sourceTree = "<group>"; };
		B53CD77928738D46002A1C80 /* qlMIDI.entitlements */ = {isa = PBXFileReference; lastKnownFileType = text.plist.entitlements; path = qlMIDI.entitlements; sourceTree = "<group>"; };
		B53CD78028742F29002A1C80 /* Media.xcassets */ = {isa = PBXFileReference; lastKnownFileType = folder.assetcatalog; path = Media.xcassets; sourceTree = "<group>"; };
		B560A51C235F7B71007C9033 /* WindowController.swift */ = {isa = PBXFileReference; lastKnownFileType = sourcecode.swift; path = WindowController.swift; sourceTree = "<group>"; };
		B5C2428F2873209700C0CDB1 /* Quartz.framework */ = {isa = PBXFileReference; lastKnownFileType = wrapper.framework; name = Quartz.framework; path = System/Library/Frameworks/Quartz.framework; sourceTree = SDKROOT; };
/* End PBXFileReference section */

/* Begin PBXFrameworksBuildPhase section */
		B5051862230C2C9E0024884E /* Frameworks */ = {
			isa = PBXFrameworksBuildPhase;
			buildActionMask = 2147483647;
			files = (
			);
			runOnlyForDeploymentPostprocessing = 0;
		};
		B53CD76B28738D46002A1C80 /* Frameworks */ = {
			isa = PBXFrameworksBuildPhase;
			buildActionMask = 2147483647;
			files = (
				B53CD76F28738D46002A1C80 /* Quartz.framework in Frameworks */,
			);
			runOnlyForDeploymentPostprocessing = 0;
		};
/* End PBXFrameworksBuildPhase section */

/* Begin PBXGroup section */
		B505185C230C2C9E0024884E = {
			isa = PBXGroup;
			children = (
				B5051867230C2C9E0024884E /* APPlayMIDI */,
				B53CD77028738D46002A1C80 /* qlMIDI */,
				B5C2428E2873209700C0CDB1 /* Frameworks */,
				B5051866230C2C9E0024884E /* Products */,
			);
			sourceTree = "<group>";
		};
		B5051866230C2C9E0024884E /* Products */ = {
			isa = PBXGroup;
			children = (
				B5051865230C2C9E0024884E /* APPlayMIDI.app */,
				B53CD76E28738D46002A1C80 /* qlMIDI.appex */,
			);
			name = Products;
			sourceTree = "<group>";
		};
		B5051867230C2C9E0024884E /* APPlayMIDI */ = {
			isa = PBXGroup;
			children = (
				B5051868230C2C9E0024884E /* AppDelegate.swift */,
				B505186A230C2C9E0024884E /* ViewController.swift */,
				B505186C230C2C9E0024884E /* Document.swift */,
				B505186E230C2C9F0024884E /* Assets.xcassets */,
				B5051870230C2C9F0024884E /* Main.storyboard */,
				B560A51C235F7B71007C9033 /* WindowController.swift */,
				B5051873230C2C9F0024884E /* Info.plist */,
				B5051874230C2C9F0024884E /* APPlayMIDI.entitlements */,
			);
			path = APPlayMIDI;
			sourceTree = "<group>";
		};
		B53CD77028738D46002A1C80 /* qlMIDI */ = {
			isa = PBXGroup;
			children = (
				B53CD77128738D46002A1C80 /* PreviewViewController.swift */,
				B53CD77328738D46002A1C80 /* PreviewProvider.swift */,
				B53CD77528738D46002A1C80 /* PreviewViewController.xib */,
				B53CD77828738D46002A1C80 /* Info.plist */,
				B53CD77928738D46002A1C80 /* qlMIDI.entitlements */,
				B53CD78028742F29002A1C80 /* Media.xcassets */,
			);
			path = qlMIDI;
			sourceTree = "<group>";
		};
		B5C2428E2873209700C0CDB1 /* Frameworks */ = {
			isa = PBXGroup;
			children = (
				B5C2428F2873209700C0CDB1 /* Quartz.framework */,
			);
			name = Frameworks;
			sourceTree = "<group>";
		};
/* End PBXGroup section */

/* Begin PBXNativeTarget section */
		B5051864230C2C9E0024884E /* APPlayMIDI */ = {
			isa = PBXNativeTarget;
			buildConfigurationList = B5051877230C2C9F0024884E /* Build configuration list for PBXNativeTarget "APPlayMIDI" */;
			buildPhases = (
				B5051861230C2C9E0024884E /* Sources */,
				B5051862230C2C9E0024884E /* Frameworks */,
				B5051863230C2C9E0024884E /* Resources */,
				B5C2429E2873209700C0CDB1 /* Embed App Extensions */,
			);
			buildRules = (
			);
			dependencies = (
				B53CD77B28738D46002A1C80 /* PBXTargetDependency */,
			);
			name = APPlayMIDI;
			productName = APPlayMIDI;
			productReference = B5051865230C2C9E0024884E /* APPlayMIDI.app */;
			productType = "com.apple.product-type.application";
		};
		B53CD76D28738D46002A1C80 /* qlMIDI */ = {
			isa = PBXNativeTarget;
			buildConfigurationList = B53CD77D28738D46002A1C80 /* Build configuration list for PBXNativeTarget "qlMIDI" */;
			buildPhases = (
				B53CD76A28738D46002A1C80 /* Sources */,
				B53CD76B28738D46002A1C80 /* Frameworks */,
				B53CD76C28738D46002A1C80 /* Resources */,
			);
			buildRules = (
			);
			dependencies = (
			);
			name = qlMIDI;
			productName = qlMIDI;
			productReference = B53CD76E28738D46002A1C80 /* qlMIDI.appex */;
			productType = "com.apple.product-type.app-extension";
		};
/* End PBXNativeTarget section */

/* Begin PBXProject section */
		B505185D230C2C9E0024884E /* Project object */ = {
			isa = PBXProject;
			attributes = {
				KnownAssetTags = (
					New,
				);
				LastSwiftUpdateCheck = 1330;
				LastUpgradeCheck = 1330;
				ORGANIZATIONNAME = Ben;
				TargetAttributes = {
					B5051864230C2C9E0024884E = {
						CreatedOnToolsVersion = 10.3;
					};
					B53CD76D28738D46002A1C80 = {
						CreatedOnToolsVersion = 13.3.1;
					};
				};
			};
			buildConfigurationList = B5051860230C2C9E0024884E /* Build configuration list for PBXProject "APPlayMIDI" */;
			compatibilityVersion = "Xcode 9.3";
			developmentRegion = en;
			hasScannedForEncodings = 0;
			knownRegions = (
				en,
				Base,
			);
			mainGroup = B505185C230C2C9E0024884E;
			productRefGroup = B5051866230C2C9E0024884E /* Products */;
			projectDirPath = "";
			projectRoot = "";
			targets = (
				B5051864230C2C9E0024884E /* APPlayMIDI */,
				B53CD76D28738D46002A1C80 /* qlMIDI */,
			);
		};
/* End PBXProject section */

/* Begin PBXResourcesBuildPhase section */
		B5051863230C2C9E0024884E /* Resources */ = {
			isa = PBXResourcesBuildPhase;
			buildActionMask = 2147483647;
			files = (
				B505186F230C2C9F0024884E /* Assets.xcassets in Resources */,
				B5051872230C2C9F0024884E /* Main.storyboard in Resources */,
			);
			runOnlyForDeploymentPostprocessing = 0;
		};
		B53CD76C28738D46002A1C80 /* Resources */ = {
			isa = PBXResourcesBuildPhase;
			buildActionMask = 2147483647;
			files = (
				B53CD78128742F29002A1C80 /* Media.xcassets in Resources */,
				B53CD77728738D46002A1C80 /* PreviewViewController.xib in Resources */,
			);
			runOnlyForDeploymentPostprocessing = 0;
		};
/* End PBXResourcesBuildPhase section */

/* Begin PBXSourcesBuildPhase section */
		B5051861230C2C9E0024884E /* Sources */ = {
			isa = PBXSourcesBuildPhase;
			buildActionMask = 2147483647;
			files = (
				B505186B230C2C9E0024884E /* ViewController.swift in Sources */,
				B560A51D235F7B71007C9033 /* WindowController.swift in Sources */,
				B5051869230C2C9E0024884E /* AppDelegate.swift in Sources */,
				B505186D230C2C9E0024884E /* Document.swift in Sources */,
			);
			runOnlyForDeploymentPostprocessing = 0;
		};
		B53CD76A28738D46002A1C80 /* Sources */ = {
			isa = PBXSourcesBuildPhase;
			buildActionMask = 2147483647;
			files = (
				B53CD77228738D46002A1C80 /* PreviewViewController.swift in Sources */,
				B53CD77428738D46002A1C80 /* PreviewProvider.swift in Sources */,
			);
			runOnlyForDeploymentPostprocessing = 0;
		};
/* End PBXSourcesBuildPhase section */

/* Begin PBXTargetDependency section */
		B53CD77B28738D46002A1C80 /* PBXTargetDependency */ = {
			isa = PBXTargetDependency;
			target = B53CD76D28738D46002A1C80 /* qlMIDI */;
			targetProxy = B53CD77A28738D46002A1C80 /* PBXContainerItemProxy */;
		};
/* End PBXTargetDependency section */

/* Begin PBXVariantGroup section */
		B5051870230C2C9F0024884E /* Main.storyboard */ = {
			isa = PBXVariantGroup;
			children = (
				B5051871230C2C9F0024884E /* Base */,
			);
			name = Main.storyboard;
			sourceTree = "<group>";
		};
		B53CD77528738D46002A1C80 /* PreviewViewController.xib */ = {
			isa = PBXVariantGroup;
			children = (
				B53CD77628738D46002A1C80 /* Base */,
			);
			name = PreviewViewController.xib;
			sourceTree = "<group>";
		};
/* End PBXVariantGroup section */

/* Begin XCBuildConfiguration section */
		B5051875230C2C9F0024884E /* Debug */ = {
			isa = XCBuildConfiguration;
			buildSettings = {
				ALWAYS_SEARCH_USER_PATHS = NO;
				CLANG_ANALYZER_NONNULL = YES;
				CLANG_ANALYZER_NUMBER_OBJECT_CONVERSION = YES_AGGRESSIVE;
				CLANG_CXX_LANGUAGE_STANDARD = "gnu++14";
				CLANG_CXX_LIBRARY = "libc++";
				CLANG_ENABLE_MODULES = YES;
				CLANG_ENABLE_OBJC_ARC = YES;
				CLANG_ENABLE_OBJC_WEAK = YES;
				CLANG_WARN_BLOCK_CAPTURE_AUTORELEASING = YES;
				CLANG_WARN_BOOL_CONVERSION = YES;
				CLANG_WARN_COMMA = YES;
				CLANG_WARN_CONSTANT_CONVERSION = YES;
				CLANG_WARN_DEPRECATED_OBJC_IMPLEMENTATIONS = YES;
				CLANG_WARN_DIRECT_OBJC_ISA_USAGE = YES_ERROR;
				CLANG_WARN_DOCUMENTATION_COMMENTS = YES;
				CLANG_WARN_EMPTY_BODY = YES;
				CLANG_WARN_ENUM_CONVERSION = YES;
				CLANG_WARN_INFINITE_RECURSION = YES;
				CLANG_WARN_INT_CONVERSION = YES;
				CLANG_WARN_NON_LITERAL_NULL_CONVERSION = YES;
				CLANG_WARN_OBJC_IMPLICIT_RETAIN_SELF = YES;
				CLANG_WARN_OBJC_LITERAL_CONVERSION = YES;
				CLANG_WARN_OBJC_ROOT_CLASS = YES_ERROR;
				CLANG_WARN_QUOTED_INCLUDE_IN_FRAMEWORK_HEADER = YES;
				CLANG_WARN_RANGE_LOOP_ANALYSIS = YES;
				CLANG_WARN_STRICT_PROTOTYPES = YES;
				CLANG_WARN_SUSPICIOUS_MOVE = YES;
				CLANG_WARN_UNGUARDED_AVAILABILITY = YES_AGGRESSIVE;
				CLANG_WARN_UNREACHABLE_CODE = YES;
				CLANG_WARN__DUPLICATE_METHOD_MATCH = YES;
				CODE_SIGN_IDENTITY = "-";
				COPY_PHASE_STRIP = NO;
				DEBUG_INFORMATION_FORMAT = dwarf;
				ENABLE_STRICT_OBJC_MSGSEND = YES;
				ENABLE_TESTABILITY = YES;
				GCC_C_LANGUAGE_STANDARD = gnu11;
				GCC_DYNAMIC_NO_PIC = NO;
				GCC_NO_COMMON_BLOCKS = YES;
				GCC_OPTIMIZATION_LEVEL = 0;
				GCC_PREPROCESSOR_DEFINITIONS = (
					"DEBUG=1",
					"$(inherited)",
				);
				GCC_WARN_64_TO_32_BIT_CONVERSION = YES;
				GCC_WARN_ABOUT_RETURN_TYPE = YES_ERROR;
				GCC_WARN_UNDECLARED_SELECTOR = YES;
				GCC_WARN_UNINITIALIZED_AUTOS = YES_AGGRESSIVE;
				GCC_WARN_UNUSED_FUNCTION = YES;
				GCC_WARN_UNUSED_VARIABLE = YES;
				MACOSX_DEPLOYMENT_TARGET = 12.0;
				MTL_ENABLE_DEBUG_INFO = INCLUDE_SOURCE;
				MTL_FAST_MATH = YES;
				ONLY_ACTIVE_ARCH = NO;
				SDKROOT = macosx;
				SWIFT_ACTIVE_COMPILATION_CONDITIONS = DEBUG;
				SWIFT_OPTIMIZATION_LEVEL = "-Onone";
			};
			name = Debug;
		};
		B5051876230C2C9F0024884E /* Release */ = {
			isa = XCBuildConfiguration;
			buildSettings = {
				ALWAYS_SEARCH_USER_PATHS = NO;
				CLANG_ANALYZER_NONNULL = YES;
				CLANG_ANALYZER_NUMBER_OBJECT_CONVERSION = YES_AGGRESSIVE;
				CLANG_CXX_LANGUAGE_STANDARD = "gnu++14";
				CLANG_CXX_LIBRARY = "libc++";
				CLANG_ENABLE_MODULES = YES;
				CLANG_ENABLE_OBJC_ARC = YES;
				CLANG_ENABLE_OBJC_WEAK = YES;
				CLANG_WARN_BLOCK_CAPTURE_AUTORELEASING = YES;
				CLANG_WARN_BOOL_CONVERSION = YES;
				CLANG_WARN_COMMA = YES;
				CLANG_WARN_CONSTANT_CONVERSION = YES;
				CLANG_WARN_DEPRECATED_OBJC_IMPLEMENTATIONS = YES;
				CLANG_WARN_DIRECT_OBJC_ISA_USAGE = YES_ERROR;
				CLANG_WARN_DOCUMENTATION_COMMENTS = YES;
				CLANG_WARN_EMPTY_BODY = YES;
				CLANG_WARN_ENUM_CONVERSION = YES;
				CLANG_WARN_INFINITE_RECURSION = YES;
				CLANG_WARN_INT_CONVERSION = YES;
				CLANG_WARN_NON_LITERAL_NULL_CONVERSION = YES;
				CLANG_WARN_OBJC_IMPLICIT_RETAIN_SELF = YES;
				CLANG_WARN_OBJC_LITERAL_CONVERSION = YES;
				CLANG_WARN_OBJC_ROOT_CLASS = YES_ERROR;
				CLANG_WARN_QUOTED_INCLUDE_IN_FRAMEWORK_HEADER = YES;
				CLANG_WARN_RANGE_LOOP_ANALYSIS = YES;
				CLANG_WARN_STRICT_PROTOTYPES = YES;
				CLANG_WARN_SUSPICIOUS_MOVE = YES;
				CLANG_WARN_UNGUARDED_AVAILABILITY = YES_AGGRESSIVE;
				CLANG_WARN_UNREACHABLE_CODE = YES;
				CLANG_WARN__DUPLICATE_METHOD_MATCH = YES;
				CODE_SIGN_IDENTITY = "-";
				COPY_PHASE_STRIP = NO;
				DEBUG_INFORMATION_FORMAT = "dwarf-with-dsym";
				ENABLE_NS_ASSERTIONS = NO;
				ENABLE_STRICT_OBJC_MSGSEND = YES;
				GCC_C_LANGUAGE_STANDARD = gnu11;
				GCC_NO_COMMON_BLOCKS = YES;
				GCC_WARN_64_TO_32_BIT_CONVERSION = YES;
				GCC_WARN_ABOUT_RETURN_TYPE = YES_ERROR;
				GCC_WARN_UNDECLARED_SELECTOR = YES;
				GCC_WARN_UNINITIALIZED_AUTOS = YES_AGGRESSIVE;
				GCC_WARN_UNUSED_FUNCTION = YES;
				GCC_WARN_UNUSED_VARIABLE = YES;
				MACOSX_DEPLOYMENT_TARGET = 12.0;
				MTL_ENABLE_DEBUG_INFO = NO;
				MTL_FAST_MATH = YES;
				ONLY_ACTIVE_ARCH = NO;
				SDKROOT = macosx;
				SWIFT_COMPILATION_MODE = wholemodule;
				SWIFT_OPTIMIZATION_LEVEL = "-O";
			};
			name = Release;
		};
		B5051878230C2C9F0024884E /* Debug */ = {
			isa = XCBuildConfiguration;
			buildSettings = {
				ALWAYS_EMBED_SWIFT_STANDARD_LIBRARIES = YES;
				ASSETCATALOG_COMPILER_APPICON_NAME = AppIcon;
				CODE_SIGN_ENTITLEMENTS = APPlayMIDI/APPlayMIDI.entitlements;
				CODE_SIGN_IDENTITY = "-";
				CODE_SIGN_STYLE = Automatic;
				COMBINE_HIDPI_IMAGES = YES;
				CURRENT_PROJECT_VERSION = 72;
				DEVELOPMENT_TEAM = "";
				ENABLE_HARDENED_RUNTIME = YES;
				INFOPLIST_FILE = APPlayMIDI/Info.plist;
				LD_RUNPATH_SEARCH_PATHS = (
					"$(inherited)",
					"@executable_path/../Frameworks",
				);
				MACOSX_DEPLOYMENT_TARGET = 12.0;
				MARKETING_VERSION = 1.10;
				PRODUCT_BUNDLE_IDENTIFIER = bensoft.APPlayMIDI;
				PRODUCT_NAME = "$(TARGET_NAME)";
				SWIFT_VERSION = 5.0;
			};
			name = Debug;
		};
		B5051879230C2C9F0024884E /* Release */ = {
			isa = XCBuildConfiguration;
			buildSettings = {
				ALWAYS_EMBED_SWIFT_STANDARD_LIBRARIES = YES;
				ASSETCATALOG_COMPILER_APPICON_NAME = AppIcon;
				CODE_SIGN_ENTITLEMENTS = APPlayMIDI/APPlayMIDI.entitlements;
				CODE_SIGN_IDENTITY = "-";
				CODE_SIGN_STYLE = Automatic;
				COMBINE_HIDPI_IMAGES = YES;
				CURRENT_PROJECT_VERSION = 72;
				DEVELOPMENT_TEAM = "";
				ENABLE_HARDENED_RUNTIME = YES;
				INFOPLIST_FILE = APPlayMIDI/Info.plist;
				LD_RUNPATH_SEARCH_PATHS = (
					"$(inherited)",
					"@executable_path/../Frameworks",
				);
				MACOSX_DEPLOYMENT_TARGET = 12.0;
				MARKETING_VERSION = 1.10;
				PRODUCT_BUNDLE_IDENTIFIER = bensoft.APPlayMIDI;
				PRODUCT_NAME = "$(TARGET_NAME)";
				SWIFT_VERSION = 5.0;
			};
			name = Release;
		};
		B53CD77E28738D46002A1C80 /* Debug */ = {
			isa = XCBuildConfiguration;
			buildSettings = {
				CLANG_CXX_LANGUAGE_STANDARD = "gnu++17";
				CODE_SIGN_ENTITLEMENTS = qlMIDI/qlMIDI.entitlements;
				CODE_SIGN_IDENTITY = "-";
				CODE_SIGN_STYLE = Automatic;
				CURRENT_PROJECT_VERSION = 72;
				DEVELOPMENT_TEAM = "";
				ENABLE_HARDENED_RUNTIME = YES;
				GENERATE_INFOPLIST_FILE = YES;
				INFOPLIST_FILE = qlMIDI/Info.plist;
				INFOPLIST_KEY_CFBundleDisplayName = qlMIDI;
				INFOPLIST_KEY_NSHumanReadableCopyright = "Copyright © 2022 Ben. All rights reserved.";
				LD_RUNPATH_SEARCH_PATHS = (
					"$(inherited)",
					"@executable_path/../Frameworks",
					"@executable_path/../../../../Frameworks",
				);
				MACOSX_DEPLOYMENT_TARGET = 12.3;
				MARKETING_VERSION = 1.10;
				ONLY_ACTIVE_ARCH = NO;
				PRODUCT_BUNDLE_IDENTIFIER = bensoft.APPlayMIDI.qlMIDI;
				PRODUCT_NAME = "$(TARGET_NAME)";
				SKIP_INSTALL = YES;
				SWIFT_EMIT_LOC_STRINGS = YES;
				SWIFT_VERSION = 5.0;
			};
			name = Debug;
		};
		B53CD77F28738D46002A1C80 /* Release */ = {
			isa = XCBuildConfiguration;
			buildSettings = {
				CLANG_CXX_LANGUAGE_STANDARD = "gnu++17";
				CODE_SIGN_ENTITLEMENTS = qlMIDI/qlMIDI.entitlements;
				CODE_SIGN_IDENTITY = "-";
				CODE_SIGN_STYLE = Automatic;
				CURRENT_PROJECT_VERSION = 72;
				DEVELOPMENT_TEAM = "";
				ENABLE_HARDENED_RUNTIME = YES;
				GENERATE_INFOPLIST_FILE = YES;
				INFOPLIST_FILE = qlMIDI/Info.plist;
				INFOPLIST_KEY_CFBundleDisplayName = qlMIDI;
				INFOPLIST_KEY_NSHumanReadableCopyright = "Copyright © 2022 Ben. All rights reserved.";
				LD_RUNPATH_SEARCH_PATHS = (
					"$(inherited)",
					"@executable_path/../Frameworks",
					"@executable_path/../../../../Frameworks",
				);
				MACOSX_DEPLOYMENT_TARGET = 12.3;
				MARKETING_VERSION = 1.10;
				ONLY_ACTIVE_ARCH = NO;
				PRODUCT_BUNDLE_IDENTIFIER = bensoft.APPlayMIDI.qlMIDI;
				PRODUCT_NAME = "$(TARGET_NAME)";
				SKIP_INSTALL = YES;
				SWIFT_EMIT_LOC_STRINGS = YES;
				SWIFT_VERSION = 5.0;
			};
			name = Release;
		};
/* End XCBuildConfiguration section */

/* Begin XCConfigurationList section */
		B5051860230C2C9E0024884E /* Build configuration list for PBXProject "APPlayMIDI" */ = {
			isa = XCConfigurationList;
			buildConfigurations = (
				B5051875230C2C9F0024884E /* Debug */,
				B5051876230C2C9F0024884E /* Release */,
			);
			defaultConfigurationIsVisible = 0;
			defaultConfigurationName = Release;
		};
		B5051877230C2C9F0024884E /* Build configuration list for PBXNativeTarget "APPlayMIDI" */ = {
			isa = XCConfigurationList;
			buildConfigurations = (
				B5051878230C2C9F0024884E /* Debug */,
				B5051879230C2C9F0024884E /* Release */,
			);
			defaultConfigurationIsVisible = 0;
			defaultConfigurationName = Release;
		};
		B53CD77D28738D46002A1C80 /* Build configuration list for PBXNativeTarget "qlMIDI" */ = {
			isa = XCConfigurationList;
			buildConfigurations = (
				B53CD77E28738D46002A1C80 /* Debug */,
				B53CD77F28738D46002A1C80 /* Release */,
			);
			defaultConfigurationIsVisible = 0;
			defaultConfigurationName = Release;
		};
/* End XCConfigurationList section */
	};
	rootObject = B505185D230C2C9E0024884E /* Project object */;
}
